// !$*UTF8*$!
{
	archiveVersion = 1;
	classes = {
	};
	objectVersion = 50;
	objects = {

/* Begin PBXBuildFile section */
		7106BCC62442809200108E2A /* MainViewModelTests.swift in Sources */ = {isa = PBXBuildFile; fileRef = 7106BCC52442809200108E2A /* MainViewModelTests.swift */; };
		7106BCC82442811C00108E2A /* LoginViewModelTests.swift in Sources */ = {isa = PBXBuildFile; fileRef = 7106BCC72442811C00108E2A /* LoginViewModelTests.swift */; };
		7106BCCA2442814000108E2A /* RegisterViewModelTests.swift in Sources */ = {isa = PBXBuildFile; fileRef = 7106BCC92442814000108E2A /* RegisterViewModelTests.swift */; };
		AC3229B024400860002445A8 /* AppDelegate.swift in Sources */ = {isa = PBXBuildFile; fileRef = AC3229AF24400860002445A8 /* AppDelegate.swift */; };
		AC3229B224400860002445A8 /* SceneDelegate.swift in Sources */ = {isa = PBXBuildFile; fileRef = AC3229B124400860002445A8 /* SceneDelegate.swift */; };
		AC3229B924400867002445A8 /* Assets.xcassets in Resources */ = {isa = PBXBuildFile; fileRef = AC3229B824400867002445A8 /* Assets.xcassets */; };
		AC3229BC24400867002445A8 /* LaunchScreen.storyboard in Resources */ = {isa = PBXBuildFile; fileRef = AC3229BA24400867002445A8 /* LaunchScreen.storyboard */; };
		AC8DDFB1244041AB0096AC61 /* AppCoordinator.swift in Sources */ = {isa = PBXBuildFile; fileRef = AC8DDFB0244041AB0096AC61 /* AppCoordinator.swift */; };
		AC8DDFB4244041F10096AC61 /* MainViewController.swift in Sources */ = {isa = PBXBuildFile; fileRef = AC8DDFB3244041F10096AC61 /* MainViewController.swift */; };
		AC8DDFB6244042120096AC61 /* MainCoordinator.swift in Sources */ = {isa = PBXBuildFile; fileRef = AC8DDFB5244042120096AC61 /* MainCoordinator.swift */; };
		AC8DDFBA244042670096AC61 /* Stack.swift in Sources */ = {isa = PBXBuildFile; fileRef = AC8DDFB9244042670096AC61 /* Stack.swift */; };
		AC8DDFBC244046B20096AC61 /* LoginCoordinator.swift in Sources */ = {isa = PBXBuildFile; fileRef = AC8DDFBB244046B20096AC61 /* LoginCoordinator.swift */; };
		AC8DDFBE24404BB80096AC61 /* LoginViewController.swift in Sources */ = {isa = PBXBuildFile; fileRef = AC8DDFBD24404BB80096AC61 /* LoginViewController.swift */; };
		AC8DDFC124404CAF0096AC61 /* MainViewModels.swift in Sources */ = {isa = PBXBuildFile; fileRef = AC8DDFC024404CAF0096AC61 /* MainViewModels.swift */; };
		AC8DDFC3244058170096AC61 /* LoginViewModel.swift in Sources */ = {isa = PBXBuildFile; fileRef = AC8DDFC2244058170096AC61 /* LoginViewModel.swift */; };
		AC8DDFC524405A9F0096AC61 /* ViewModelController.swift in Sources */ = {isa = PBXBuildFile; fileRef = AC8DDFC424405A9F0096AC61 /* ViewModelController.swift */; };
		AC8DDFC824405BCF0096AC61 /* UIViewController+Extension.swift in Sources */ = {isa = PBXBuildFile; fileRef = AC8DDFC724405BCF0096AC61 /* UIViewController+Extension.swift */; };
		AC8DDFCA24405CFD0096AC61 /* RegisterCoordinator.swift in Sources */ = {isa = PBXBuildFile; fileRef = AC8DDFC924405CFD0096AC61 /* RegisterCoordinator.swift */; };
		AC8DDFCC24405D2C0096AC61 /* RegisterViewController.swift in Sources */ = {isa = PBXBuildFile; fileRef = AC8DDFCB24405D2C0096AC61 /* RegisterViewController.swift */; };
		AC8DDFCE24405D450096AC61 /* RegisterViewModel.swift in Sources */ = {isa = PBXBuildFile; fileRef = AC8DDFCD24405D450096AC61 /* RegisterViewModel.swift */; };
/* End PBXBuildFile section */

/* Begin PBXContainerItemProxy section */
		AC3229C324400868002445A8 /* PBXContainerItemProxy */ = {
			isa = PBXContainerItemProxy;
			containerPortal = AC3229A424400860002445A8 /* Project object */;
			proxyType = 1;
			remoteGlobalIDString = AC3229AB24400860002445A8;
			remoteInfo = "MVVM-C";
		};
/* End PBXContainerItemProxy section */

/* Begin PBXFileReference section */
		7106BCC52442809200108E2A /* MainViewModelTests.swift */ = {isa = PBXFileReference; lastKnownFileType = sourcecode.swift; path = MainViewModelTests.swift; sourceTree = "<group>"; };
		7106BCC72442811C00108E2A /* LoginViewModelTests.swift */ = {isa = PBXFileReference; lastKnownFileType = sourcecode.swift; path = LoginViewModelTests.swift; sourceTree = "<group>"; };
		7106BCC92442814000108E2A /* RegisterViewModelTests.swift */ = {isa = PBXFileReference; lastKnownFileType = sourcecode.swift; path = RegisterViewModelTests.swift; sourceTree = "<group>"; };
		AC3229AC24400860002445A8 /* MVVM-C.app */ = {isa = PBXFileReference; explicitFileType = wrapper.application; includeInIndex = 0; path = "MVVM-C.app"; sourceTree = BUILT_PRODUCTS_DIR; };
		AC3229AF24400860002445A8 /* AppDelegate.swift */ = {isa = PBXFileReference; lastKnownFileType = sourcecode.swift; path = AppDelegate.swift; sourceTree = "<group>"; };
		AC3229B124400860002445A8 /* SceneDelegate.swift */ = {isa = PBXFileReference; lastKnownFileType = sourcecode.swift; path = SceneDelegate.swift; sourceTree = "<group>"; };
		AC3229B824400867002445A8 /* Assets.xcassets */ = {isa = PBXFileReference; lastKnownFileType = folder.assetcatalog; path = Assets.xcassets; sourceTree = "<group>"; };
		AC3229BB24400867002445A8 /* Base */ = {isa = PBXFileReference; lastKnownFileType = file.storyboard; name = Base; path = Base.lproj/LaunchScreen.storyboard; sourceTree = "<group>"; };
		AC3229BD24400867002445A8 /* Info.plist */ = {isa = PBXFileReference; lastKnownFileType = text.plist.xml; path = Info.plist; sourceTree = "<group>"; };
		AC3229C224400868002445A8 /* MVVM-CTests.xctest */ = {isa = PBXFileReference; explicitFileType = wrapper.cfbundle; includeInIndex = 0; path = "MVVM-CTests.xctest"; sourceTree = BUILT_PRODUCTS_DIR; };
		AC3229C824400868002445A8 /* Info.plist */ = {isa = PBXFileReference; lastKnownFileType = text.plist.xml; path = Info.plist; sourceTree = "<group>"; };
		AC8DDFB0244041AB0096AC61 /* AppCoordinator.swift */ = {isa = PBXFileReference; lastKnownFileType = sourcecode.swift; path = AppCoordinator.swift; sourceTree = "<group>"; };
		AC8DDFB3244041F10096AC61 /* MainViewController.swift */ = {isa = PBXFileReference; lastKnownFileType = sourcecode.swift; path = MainViewController.swift; sourceTree = "<group>"; };
		AC8DDFB5244042120096AC61 /* MainCoordinator.swift */ = {isa = PBXFileReference; lastKnownFileType = sourcecode.swift; path = MainCoordinator.swift; sourceTree = "<group>"; };
		AC8DDFB9244042670096AC61 /* Stack.swift */ = {isa = PBXFileReference; lastKnownFileType = sourcecode.swift; path = Stack.swift; sourceTree = "<group>"; };
		AC8DDFBB244046B20096AC61 /* LoginCoordinator.swift */ = {isa = PBXFileReference; lastKnownFileType = sourcecode.swift; path = LoginCoordinator.swift; sourceTree = "<group>"; };
		AC8DDFBD24404BB80096AC61 /* LoginViewController.swift */ = {isa = PBXFileReference; lastKnownFileType = sourcecode.swift; path = LoginViewController.swift; sourceTree = "<group>"; };
		AC8DDFC024404CAF0096AC61 /* MainViewModels.swift */ = {isa = PBXFileReference; lastKnownFileType = sourcecode.swift; path = MainViewModels.swift; sourceTree = "<group>"; };
		AC8DDFC2244058170096AC61 /* LoginViewModel.swift */ = {isa = PBXFileReference; lastKnownFileType = sourcecode.swift; path = LoginViewModel.swift; sourceTree = "<group>"; };
		AC8DDFC424405A9F0096AC61 /* ViewModelController.swift */ = {isa = PBXFileReference; lastKnownFileType = sourcecode.swift; path = ViewModelController.swift; sourceTree = "<group>"; };
		AC8DDFC724405BCF0096AC61 /* UIViewController+Extension.swift */ = {isa = PBXFileReference; lastKnownFileType = sourcecode.swift; path = "UIViewController+Extension.swift"; sourceTree = "<group>"; };
		AC8DDFC924405CFD0096AC61 /* RegisterCoordinator.swift */ = {isa = PBXFileReference; lastKnownFileType = sourcecode.swift; path = RegisterCoordinator.swift; sourceTree = "<group>"; };
		AC8DDFCB24405D2C0096AC61 /* RegisterViewController.swift */ = {isa = PBXFileReference; lastKnownFileType = sourcecode.swift; path = RegisterViewController.swift; sourceTree = "<group>"; };
		AC8DDFCD24405D450096AC61 /* RegisterViewModel.swift */ = {isa = PBXFileReference; lastKnownFileType = sourcecode.swift; path = RegisterViewModel.swift; sourceTree = "<group>"; };
/* End PBXFileReference section */

/* Begin PBXFrameworksBuildPhase section */
		AC3229A924400860002445A8 /* Frameworks */ = {
			isa = PBXFrameworksBuildPhase;
			buildActionMask = 2147483647;
			files = (
			);
			runOnlyForDeploymentPostprocessing = 0;
		};
		AC3229BF24400868002445A8 /* Frameworks */ = {
			isa = PBXFrameworksBuildPhase;
			buildActionMask = 2147483647;
			files = (
			);
			runOnlyForDeploymentPostprocessing = 0;
		};
/* End PBXFrameworksBuildPhase section */

/* Begin PBXGroup section */
		7106BCC42442806200108E2A /* ViewModels */ = {
			isa = PBXGroup;
			children = (
				7106BCC52442809200108E2A /* MainViewModelTests.swift */,
				7106BCC72442811C00108E2A /* LoginViewModelTests.swift */,
				7106BCC92442814000108E2A /* RegisterViewModelTests.swift */,
			);
			path = ViewModels;
			sourceTree = "<group>";
		};
		AC3229A324400860002445A8 = {
			isa = PBXGroup;
			children = (
				AC3229AE24400860002445A8 /* MVVM-C */,
				AC3229C524400868002445A8 /* MVVM-CTests */,
				AC3229AD24400860002445A8 /* Products */,
			);
			sourceTree = "<group>";
		};
		AC3229AD24400860002445A8 /* Products */ = {
			isa = PBXGroup;
			children = (
				AC3229AC24400860002445A8 /* MVVM-C.app */,
				AC3229C224400868002445A8 /* MVVM-CTests.xctest */,
			);
			name = Products;
			sourceTree = "<group>";
		};
		AC3229AE24400860002445A8 /* MVVM-C */ = {
			isa = PBXGroup;
			children = (
				AC3229AF24400860002445A8 /* AppDelegate.swift */,
				AC3229B124400860002445A8 /* SceneDelegate.swift */,
				AC8DDFAF244041940096AC61 /* Coordinators */,
				AC8DDFB2244041D60096AC61 /* Views */,
				AC8DDFBF24404C9D0096AC61 /* ViewModels */,
				AC8DDFC624405BB30096AC61 /* Extensions */,
				AC8DDFB7244042520096AC61 /* Utilities */,
				AC3229D124400891002445A8 /* Supporting Files */,
				AC3229BD24400867002445A8 /* Info.plist */,
			);
			path = "MVVM-C";
			sourceTree = "<group>";
		};
		AC3229C524400868002445A8 /* MVVM-CTests */ = {
			isa = PBXGroup;
			children = (
				7106BCC42442806200108E2A /* ViewModels */,
				AC3229C824400868002445A8 /* Info.plist */,
			);
			path = "MVVM-CTests";
			sourceTree = "<group>";
		};
		AC3229D124400891002445A8 /* Supporting Files */ = {
			isa = PBXGroup;
			children = (
				AC3229B824400867002445A8 /* Assets.xcassets */,
				AC3229BA24400867002445A8 /* LaunchScreen.storyboard */,
			);
			path = "Supporting Files";
			sourceTree = "<group>";
		};
		AC8DDFAF244041940096AC61 /* Coordinators */ = {
			isa = PBXGroup;
			children = (
				AC8DDFB0244041AB0096AC61 /* AppCoordinator.swift */,
				AC8DDFB5244042120096AC61 /* MainCoordinator.swift */,
				AC8DDFBB244046B20096AC61 /* LoginCoordinator.swift */,
				AC8DDFC924405CFD0096AC61 /* RegisterCoordinator.swift */,
			);
			path = Coordinators;
			sourceTree = "<group>";
		};
		AC8DDFB2244041D60096AC61 /* Views */ = {
			isa = PBXGroup;
			children = (
				AC8DDFC424405A9F0096AC61 /* ViewModelController.swift */,
				AC8DDFB3244041F10096AC61 /* MainViewController.swift */,
				AC8DDFBD24404BB80096AC61 /* LoginViewController.swift */,
				AC8DDFCB24405D2C0096AC61 /* RegisterViewController.swift */,
			);
			path = Views;
			sourceTree = "<group>";
		};
		AC8DDFB7244042520096AC61 /* Utilities */ = {
			isa = PBXGroup;
			children = (
				AC8DDFB9244042670096AC61 /* Stack.swift */,
			);
			path = Utilities;
			sourceTree = "<group>";
		};
		AC8DDFBF24404C9D0096AC61 /* ViewModels */ = {
			isa = PBXGroup;
			children = (
				AC8DDFC024404CAF0096AC61 /* MainViewModels.swift */,
				AC8DDFC2244058170096AC61 /* LoginViewModel.swift */,
				AC8DDFCD24405D450096AC61 /* RegisterViewModel.swift */,
			);
			path = ViewModels;
			sourceTree = "<group>";
		};
		AC8DDFC624405BB30096AC61 /* Extensions */ = {
			isa = PBXGroup;
			children = (
				AC8DDFC724405BCF0096AC61 /* UIViewController+Extension.swift */,
			);
			path = Extensions;
			sourceTree = "<group>";
		};
/* End PBXGroup section */

/* Begin PBXNativeTarget section */
		AC3229AB24400860002445A8 /* MVVM-C */ = {
			isa = PBXNativeTarget;
			buildConfigurationList = AC3229CB24400868002445A8 /* Build configuration list for PBXNativeTarget "MVVM-C" */;
			buildPhases = (
				AC3229A824400860002445A8 /* Sources */,
				AC3229A924400860002445A8 /* Frameworks */,
				AC3229AA24400860002445A8 /* Resources */,
			);
			buildRules = (
			);
			dependencies = (
			);
			name = "MVVM-C";
			productName = "MVVM-C";
			productReference = AC3229AC24400860002445A8 /* MVVM-C.app */;
			productType = "com.apple.product-type.application";
		};
		AC3229C124400868002445A8 /* MVVM-CTests */ = {
			isa = PBXNativeTarget;
			buildConfigurationList = AC3229CE24400868002445A8 /* Build configuration list for PBXNativeTarget "MVVM-CTests" */;
			buildPhases = (
				AC3229BE24400868002445A8 /* Sources */,
				AC3229BF24400868002445A8 /* Frameworks */,
				AC3229C024400868002445A8 /* Resources */,
			);
			buildRules = (
			);
			dependencies = (
				AC3229C424400868002445A8 /* PBXTargetDependency */,
			);
			name = "MVVM-CTests";
			productName = "MVVM-CTests";
			productReference = AC3229C224400868002445A8 /* MVVM-CTests.xctest */;
			productType = "com.apple.product-type.bundle.unit-test";
		};
/* End PBXNativeTarget section */

/* Begin PBXProject section */
		AC3229A424400860002445A8 /* Project object */ = {
			isa = PBXProject;
			attributes = {
				LastSwiftUpdateCheck = 1140;
				LastUpgradeCheck = 1140;
				ORGANIZATIONNAME = TTDP;
				TargetAttributes = {
					AC3229AB24400860002445A8 = {
						CreatedOnToolsVersion = 11.4;
					};
					AC3229C124400868002445A8 = {
						CreatedOnToolsVersion = 11.4;
						LastSwiftMigration = 1130;
						TestTargetID = AC3229AB24400860002445A8;
					};
				};
			};
			buildConfigurationList = AC3229A724400860002445A8 /* Build configuration list for PBXProject "MVVM-C" */;
			compatibilityVersion = "Xcode 9.3";
			developmentRegion = en;
			hasScannedForEncodings = 0;
			knownRegions = (
				en,
				Base,
			);
			mainGroup = AC3229A324400860002445A8;
			productRefGroup = AC3229AD24400860002445A8 /* Products */;
			projectDirPath = "";
			projectRoot = "";
			targets = (
				AC3229AB24400860002445A8 /* MVVM-C */,
				AC3229C124400868002445A8 /* MVVM-CTests */,
			);
		};
/* End PBXProject section */

/* Begin PBXResourcesBuildPhase section */
		AC3229AA24400860002445A8 /* Resources */ = {
			isa = PBXResourcesBuildPhase;
			buildActionMask = 2147483647;
			files = (
				AC3229BC24400867002445A8 /* LaunchScreen.storyboard in Resources */,
				AC3229B924400867002445A8 /* Assets.xcassets in Resources */,
			);
			runOnlyForDeploymentPostprocessing = 0;
		};
		AC3229C024400868002445A8 /* Resources */ = {
			isa = PBXResourcesBuildPhase;
			buildActionMask = 2147483647;
			files = (
			);
			runOnlyForDeploymentPostprocessing = 0;
		};
/* End PBXResourcesBuildPhase section */

/* Begin PBXSourcesBuildPhase section */
		AC3229A824400860002445A8 /* Sources */ = {
			isa = PBXSourcesBuildPhase;
			buildActionMask = 2147483647;
			files = (
				AC8DDFC824405BCF0096AC61 /* UIViewController+Extension.swift in Sources */,
				AC8DDFCE24405D450096AC61 /* RegisterViewModel.swift in Sources */,
				AC8DDFBE24404BB80096AC61 /* LoginViewController.swift in Sources */,
				AC8DDFCA24405CFD0096AC61 /* RegisterCoordinator.swift in Sources */,
				AC8DDFC524405A9F0096AC61 /* ViewModelController.swift in Sources */,
				AC8DDFC124404CAF0096AC61 /* MainViewModels.swift in Sources */,
				AC8DDFB1244041AB0096AC61 /* AppCoordinator.swift in Sources */,
				AC8DDFB6244042120096AC61 /* MainCoordinator.swift in Sources */,
				AC8DDFBA244042670096AC61 /* Stack.swift in Sources */,
				AC8DDFBC244046B20096AC61 /* LoginCoordinator.swift in Sources */,
				AC8DDFCC24405D2C0096AC61 /* RegisterViewController.swift in Sources */,
				AC3229B024400860002445A8 /* AppDelegate.swift in Sources */,
				AC3229B224400860002445A8 /* SceneDelegate.swift in Sources */,
				AC8DDFC3244058170096AC61 /* LoginViewModel.swift in Sources */,
				AC8DDFB4244041F10096AC61 /* MainViewController.swift in Sources */,
			);
			runOnlyForDeploymentPostprocessing = 0;
		};
		AC3229BE24400868002445A8 /* Sources */ = {
			isa = PBXSourcesBuildPhase;
			buildActionMask = 2147483647;
			files = (
				7106BCCA2442814000108E2A /* RegisterViewModelTests.swift in Sources */,
				7106BCC82442811C00108E2A /* LoginViewModelTests.swift in Sources */,
				7106BCC62442809200108E2A /* MainViewModelTests.swift in Sources */,
			);
			runOnlyForDeploymentPostprocessing = 0;
		};
/* End PBXSourcesBuildPhase section */

/* Begin PBXTargetDependency section */
		AC3229C424400868002445A8 /* PBXTargetDependency */ = {
			isa = PBXTargetDependency;
			target = AC3229AB24400860002445A8 /* MVVM-C */;
			targetProxy = AC3229C324400868002445A8 /* PBXContainerItemProxy */;
		};
/* End PBXTargetDependency section */

/* Begin PBXVariantGroup section */
		AC3229BA24400867002445A8 /* LaunchScreen.storyboard */ = {
			isa = PBXVariantGroup;
			children = (
				AC3229BB24400867002445A8 /* Base */,
			);
			name = LaunchScreen.storyboard;
			sourceTree = "<group>";
		};
/* End PBXVariantGroup section */

/* Begin XCBuildConfiguration section */
		AC3229C924400868002445A8 /* Debug */ = {
			isa = XCBuildConfiguration;
			buildSettings = {
				ALWAYS_SEARCH_USER_PATHS = NO;
				CLANG_ANALYZER_NONNULL = YES;
				CLANG_ANALYZER_NUMBER_OBJECT_CONVERSION = YES_AGGRESSIVE;
				CLANG_CXX_LANGUAGE_STANDARD = "gnu++14";
				CLANG_CXX_LIBRARY = "libc++";
				CLANG_ENABLE_MODULES = YES;
				CLANG_ENABLE_OBJC_ARC = YES;
				CLANG_ENABLE_OBJC_WEAK = YES;
				CLANG_WARN_BLOCK_CAPTURE_AUTORELEASING = YES;
				CLANG_WARN_BOOL_CONVERSION = YES;
				CLANG_WARN_COMMA = YES;
				CLANG_WARN_CONSTANT_CONVERSION = YES;
				CLANG_WARN_DEPRECATED_OBJC_IMPLEMENTATIONS = YES;
				CLANG_WARN_DIRECT_OBJC_ISA_USAGE = YES_ERROR;
				CLANG_WARN_DOCUMENTATION_COMMENTS = YES;
				CLANG_WARN_EMPTY_BODY = YES;
				CLANG_WARN_ENUM_CONVERSION = YES;
				CLANG_WARN_INFINITE_RECURSION = YES;
				CLANG_WARN_INT_CONVERSION = YES;
				CLANG_WARN_NON_LITERAL_NULL_CONVERSION = YES;
				CLANG_WARN_OBJC_IMPLICIT_RETAIN_SELF = YES;
				CLANG_WARN_OBJC_LITERAL_CONVERSION = YES;
				CLANG_WARN_OBJC_ROOT_CLASS = YES_ERROR;
				CLANG_WARN_RANGE_LOOP_ANALYSIS = YES;
				CLANG_WARN_STRICT_PROTOTYPES = YES;
				CLANG_WARN_SUSPICIOUS_MOVE = YES;
				CLANG_WARN_UNGUARDED_AVAILABILITY = YES_AGGRESSIVE;
				CLANG_WARN_UNREACHABLE_CODE = YES;
				CLANG_WARN__DUPLICATE_METHOD_MATCH = YES;
				COPY_PHASE_STRIP = NO;
				DEBUG_INFORMATION_FORMAT = dwarf;
				ENABLE_STRICT_OBJC_MSGSEND = YES;
				ENABLE_TESTABILITY = YES;
				GCC_C_LANGUAGE_STANDARD = gnu11;
				GCC_DYNAMIC_NO_PIC = NO;
				GCC_NO_COMMON_BLOCKS = YES;
				GCC_OPTIMIZATION_LEVEL = 0;
				GCC_PREPROCESSOR_DEFINITIONS = (
					"DEBUG=1",
					"$(inherited)",
				);
				GCC_WARN_64_TO_32_BIT_CONVERSION = YES;
				GCC_WARN_ABOUT_RETURN_TYPE = YES_ERROR;
				GCC_WARN_UNDECLARED_SELECTOR = YES;
				GCC_WARN_UNINITIALIZED_AUTOS = YES_AGGRESSIVE;
				GCC_WARN_UNUSED_FUNCTION = YES;
				GCC_WARN_UNUSED_VARIABLE = YES;
				IPHONEOS_DEPLOYMENT_TARGET = 13.0;
				MTL_ENABLE_DEBUG_INFO = INCLUDE_SOURCE;
				MTL_FAST_MATH = YES;
				ONLY_ACTIVE_ARCH = YES;
				SDKROOT = iphoneos;
				SWIFT_ACTIVE_COMPILATION_CONDITIONS = DEBUG;
				SWIFT_OPTIMIZATION_LEVEL = "-Onone";
			};
			name = Debug;
		};
		AC3229CA24400868002445A8 /* Release */ = {
			isa = XCBuildConfiguration;
			buildSettings = {
				ALWAYS_SEARCH_USER_PATHS = NO;
				CLANG_ANALYZER_NONNULL = YES;
				CLANG_ANALYZER_NUMBER_OBJECT_CONVERSION = YES_AGGRESSIVE;
				CLANG_CXX_LANGUAGE_STANDARD = "gnu++14";
				CLANG_CXX_LIBRARY = "libc++";
				CLANG_ENABLE_MODULES = YES;
				CLANG_ENABLE_OBJC_ARC = YES;
				CLANG_ENABLE_OBJC_WEAK = YES;
				CLANG_WARN_BLOCK_CAPTURE_AUTORELEASING = YES;
				CLANG_WARN_BOOL_CONVERSION = YES;
				CLANG_WARN_COMMA = YES;
				CLANG_WARN_CONSTANT_CONVERSION = YES;
				CLANG_WARN_DEPRECATED_OBJC_IMPLEMENTATIONS = YES;
				CLANG_WARN_DIRECT_OBJC_ISA_USAGE = YES_ERROR;
				CLANG_WARN_DOCUMENTATION_COMMENTS = YES;
				CLANG_WARN_EMPTY_BODY = YES;
				CLANG_WARN_ENUM_CONVERSION = YES;
				CLANG_WARN_INFINITE_RECURSION = YES;
				CLANG_WARN_INT_CONVERSION = YES;
				CLANG_WARN_NON_LITERAL_NULL_CONVERSION = YES;
				CLANG_WARN_OBJC_IMPLICIT_RETAIN_SELF = YES;
				CLANG_WARN_OBJC_LITERAL_CONVERSION = YES;
				CLANG_WARN_OBJC_ROOT_CLASS = YES_ERROR;
				CLANG_WARN_RANGE_LOOP_ANALYSIS = YES;
				CLANG_WARN_STRICT_PROTOTYPES = YES;
				CLANG_WARN_SUSPICIOUS_MOVE = YES;
				CLANG_WARN_UNGUARDED_AVAILABILITY = YES_AGGRESSIVE;
				CLANG_WARN_UNREACHABLE_CODE = YES;
				CLANG_WARN__DUPLICATE_METHOD_MATCH = YES;
				COPY_PHASE_STRIP = NO;
				DEBUG_INFORMATION_FORMAT = "dwarf-with-dsym";
				ENABLE_NS_ASSERTIONS = NO;
				ENABLE_STRICT_OBJC_MSGSEND = YES;
				GCC_C_LANGUAGE_STANDARD = gnu11;
				GCC_NO_COMMON_BLOCKS = YES;
				GCC_WARN_64_TO_32_BIT_CONVERSION = YES;
				GCC_WARN_ABOUT_RETURN_TYPE = YES_ERROR;
				GCC_WARN_UNDECLARED_SELECTOR = YES;
				GCC_WARN_UNINITIALIZED_AUTOS = YES_AGGRESSIVE;
				GCC_WARN_UNUSED_FUNCTION = YES;
				GCC_WARN_UNUSED_VARIABLE = YES;
				IPHONEOS_DEPLOYMENT_TARGET = 13.0;
				MTL_ENABLE_DEBUG_INFO = NO;
				MTL_FAST_MATH = YES;
				SDKROOT = iphoneos;
				SWIFT_COMPILATION_MODE = wholemodule;
				SWIFT_OPTIMIZATION_LEVEL = "-O";
				VALIDATE_PRODUCT = YES;
			};
			name = Release;
		};
		AC3229CC24400868002445A8 /* Debug */ = {
			isa = XCBuildConfiguration;
			buildSettings = {
				ASSETCATALOG_COMPILER_APPICON_NAME = AppIcon;
				CODE_SIGN_STYLE = Automatic;
				INFOPLIST_FILE = "MVVM-C/Info.plist";
				IPHONEOS_DEPLOYMENT_TARGET = 13.0;
				LD_RUNPATH_SEARCH_PATHS = (
					"$(inherited)",
					"@executable_path/Frameworks",
				);
				PRODUCT_BUNDLE_IDENTIFIER = "com.ttdp.MVVM-C";
				PRODUCT_NAME = "$(TARGET_NAME)";
				SWIFT_VERSION = 5.0;
				TARGETED_DEVICE_FAMILY = 1;
			};
			name = Debug;
		};
		AC3229CD24400868002445A8 /* Release */ = {
			isa = XCBuildConfiguration;
			buildSettings = {
				ASSETCATALOG_COMPILER_APPICON_NAME = AppIcon;
				CODE_SIGN_STYLE = Automatic;
				INFOPLIST_FILE = "MVVM-C/Info.plist";
				IPHONEOS_DEPLOYMENT_TARGET = 13.0;
				LD_RUNPATH_SEARCH_PATHS = (
					"$(inherited)",
					"@executable_path/Frameworks",
				);
				PRODUCT_BUNDLE_IDENTIFIER = "com.ttdp.MVVM-C";
				PRODUCT_NAME = "$(TARGET_NAME)";
				SWIFT_VERSION = 5.0;
				TARGETED_DEVICE_FAMILY = 1;
			};
			name = Release;
		};
		AC3229CF24400868002445A8 /* Debug */ = {
			isa = XCBuildConfiguration;
			buildSettings = {
				ALWAYS_EMBED_SWIFT_STANDARD_LIBRARIES = YES;
				BUNDLE_LOADER = "$(TEST_HOST)";
				CLANG_ENABLE_MODULES = YES;
				CODE_SIGN_STYLE = Automatic;
				INFOPLIST_FILE = "MVVM-CTests/Info.plist";
				IPHONEOS_DEPLOYMENT_TARGET = 13.0;
				LD_RUNPATH_SEARCH_PATHS = (
					"$(inherited)",
					"@executable_path/Frameworks",
					"@loader_path/Frameworks",
				);
				PRODUCT_BUNDLE_IDENTIFIER = "com.ttdp.MVVM-CTests";
				PRODUCT_NAME = "$(TARGET_NAME)";
				SWIFT_OPTIMIZATION_LEVEL = "-Onone";
				SWIFT_VERSION = 5.0;
				TARGETED_DEVICE_FAMILY = "1,2";
				TEST_HOST = "$(BUILT_PRODUCTS_DIR)/MVVM-C.app/MVVM-C";
			};
			name = Debug;
		};
		AC3229D024400868002445A8 /* Release */ = {
			isa = XCBuildConfiguration;
			buildSettings = {
				ALWAYS_EMBED_SWIFT_STANDARD_LIBRARIES = YES;
				BUNDLE_LOADER = "$(TEST_HOST)";
				CLANG_ENABLE_MODULES = YES;
				CODE_SIGN_STYLE = Automatic;
				INFOPLIST_FILE = "MVVM-CTests/Info.plist";
				IPHONEOS_DEPLOYMENT_TARGET = 13.0;
				LD_RUNPATH_SEARCH_PATHS = (
					"$(inherited)",
					"@executable_path/Frameworks",
					"@loader_path/Frameworks",
				);
				PRODUCT_BUNDLE_IDENTIFIER = "com.ttdp.MVVM-CTests";
				PRODUCT_NAME = "$(TARGET_NAME)";
				SWIFT_VERSION = 5.0;
				TARGETED_DEVICE_FAMILY = "1,2";
				TEST_HOST = "$(BUILT_PRODUCTS_DIR)/MVVM-C.app/MVVM-C";
			};
			name = Release;
		};
/* End XCBuildConfiguration section */

/* Begin XCConfigurationList section */
		AC3229A724400860002445A8 /* Build configuration list for PBXProject "MVVM-C" */ = {
			isa = XCConfigurationList;
			buildConfigurations = (
				AC3229C924400868002445A8 /* Debug */,
				AC3229CA24400868002445A8 /* Release */,
			);
			defaultConfigurationIsVisible = 0;
			defaultConfigurationName = Release;
		};
		AC3229CB24400868002445A8 /* Build configuration list for PBXNativeTarget "MVVM-C" */ = {
			isa = XCConfigurationList;
			buildConfigurations = (
				AC3229CC24400868002445A8 /* Debug */,
				AC3229CD24400868002445A8 /* Release */,
			);
			defaultConfigurationIsVisible = 0;
			defaultConfigurationName = Release;
		};
		AC3229CE24400868002445A8 /* Build configuration list for PBXNativeTarget "MVVM-CTests" */ = {
			isa = XCConfigurationList;
			buildConfigurations = (
				AC3229CF24400868002445A8 /* Debug */,
				AC3229D024400868002445A8 /* Release */,
			);
			defaultConfigurationIsVisible = 0;
			defaultConfigurationName = Release;
		};
/* End XCConfigurationList section */
	};
	rootObject = AC3229A424400860002445A8 /* Project object */;
}
